{
  "version": 4,
  "terraform_version": "1.11.2",
  "serial": 22,
  "lineage": "b4738ebe-ae09-57ea-24ec-0cbac955194f",
  "outputs": {},
  "resources": [
    {
      "mode": "data",
      "type": "digitalocean_ssh_key",
      "name": "terraform",
      "provider": "provider[\"registry.terraform.io/digitalocean/digitalocean\"]",
      "instances": [
        {
          "schema_version": 0,
          "attributes": {
            "fingerprint": "66:ca:f8:cf:83:40:51:e2:d3:bf:80:22:af:f2:69:a3",
            "id": 46040055,
            "name": "ssh_uyi",
            "public_key": "ssh-rsa AAAAB3NzaC1yc2EAAAADAQABAAACAQC05f+hhmr4Tt4GLrYWSctMQMmppZooImUHaJPi+mURpJf7gnC47xXIJrPlOVRx90k3aquCuMaK4WTMHJh7f13xTfnuIPp/9g4oBYknCloFA4weY8gVdZvE33oOW0KFbmWuAXuVRVrtSNw3J3NY3Kgu/I6UbEBMpvPebeqMzP7GGk+DUvxXKK5V8iqicL66djadh8P9ADBbfBfuvrNs8heCscDADaX3B/LSJkQ6INmCKkXfvDg6VdFDoSkVLsW425MSA3hOOrqFb90YRgVOjU05d5eDYTnsE3WnLLMn090/DhIjntlEqYsuyiIOEoOprYLVJMUKyxcMt03v3AsBohb2250o0jetYLNTZD0cwBVwCwEmAZ6YJOOE6kSTIql3FiodZCPNv037hDQjaNpHoVUZ4ARXysGnZSGu82o8uRlbDINNHnHriWLLorzjSMXyM2cRYvCp3qUl6X4OlemLTqgou0IjtO0lW7H3j/57Cr8kkYOWomFN1d5ZfgTmwH4EhQ2bcZK6kT8vItoY+wvyN1WVZluJkyM4+ebwiXujaQwUsk/AD+GRWeqBEgJOgN+2a/4h/HKOx6fSyxU8gCO91BSrw3nGJik0OFOKVHVcrXADWyWo65rj8L4U880vQRx1aDZAqtweCY9qTd5kOaZIv+o3Ofyu2pivYsJ6iVK5ox3pzQ== your_email@example.com\n"
          },
          "sensitive_attributes": []
        }
      ]
    },
    {
      "mode": "managed",
      "type": "digitalocean_domain",
      "name": "this",
      "provider": "provider[\"registry.terraform.io/digitalocean/digitalocean\"]",
      "instances": [
        {
          "schema_version": 0,
          "attributes": {
            "id": "test-cerebro.ng",
            "ip_address": null,
            "name": "test-cerebro.ng",
            "ttl": 1800,
            "urn": "do:domain:test-cerebro.ng"
          },
          "sensitive_attributes": [],
          "private": "bnVsbA=="
        }
      ]
    },
    {
      "mode": "managed",
      "type": "digitalocean_droplet",
      "name": "web",
      "provider": "provider[\"registry.terraform.io/digitalocean/digitalocean\"]",
      "instances": [
        {
          "schema_version": 1,
          "attributes": {
            "backup_policy": [],
            "backups": false,
            "created_at": "2025-03-18T09:16:14Z",
            "disk": 25,
            "droplet_agent": null,
            "graceful_shutdown": false,
            "id": "483539818",
            "image": "ubuntu-20-04-x64",
            "ipv4_address": "162.243.54.159",
            "ipv4_address_private": "10.100.0.2",
            "ipv6": false,
            "ipv6_address": "",
            "locked": false,
            "memory": 1024,
            "monitoring": false,
            "name": "web-vm",
            "price_hourly": 0.00893,
            "price_monthly": 6,
            "private_networking": true,
            "region": "nyc2",
            "resize_disk": true,
            "size": "s-1vcpu-1gb",
            "ssh_keys": [
              "a1:3c:ba:ee:b9:9b:af:2c:39:5e:48:37:a2:3a:28:87"
            ],
            "status": "active",
            "tags": null,
            "timeouts": null,
            "urn": "do:droplet:483539818",
            "user_data": null,
            "vcpus": 1,
            "volume_ids": [],
            "vpc_uuid": "65c9f0b9-74e6-4155-9090-64c2fa07df76"
          },
          "sensitive_attributes": [],
          "private": "eyJlMmJmYjczMC1lY2FhLTExZTYtOGY4OC0zNDM2M2JjN2M0YzAiOnsiY3JlYXRlIjozNjAwMDAwMDAwMDAwLCJkZWxldGUiOjYwMDAwMDAwMDAwLCJ1cGRhdGUiOjM2MDAwMDAwMDAwMDB9LCJzY2hlbWFfdmVyc2lvbiI6IjEifQ==",
          "dependencies": [
            "digitalocean_ssh_key.this"
          ]
        }
      ]
    },
    {
      "mode": "managed",
      "type": "digitalocean_record",
      "name": "that",
      "provider": "provider[\"registry.terraform.io/digitalocean/digitalocean\"]",
      "instances": [
        {
          "schema_version": 0,
          "attributes": {
            "domain": "test-cerebro.ng",
            "flags": 0,
            "fqdn": "uyi2.test-cerebro.ng",
            "id": "1772449370",
            "name": "uyi2",
            "port": 0,
            "priority": 0,
            "tag": "",
            "ttl": 1800,
            "type": "A",
            "value": "162.243.89.221",
            "weight": 0
          },
          "sensitive_attributes": [],
          "private": "bnVsbA==",
          "dependencies": [
            "digitalocean_domain.this"
          ]
        }
      ]
    },
    {
      "mode": "managed",
      "type": "digitalocean_record",
      "name": "this",
      "provider": "provider[\"registry.terraform.io/digitalocean/digitalocean\"]",
      "instances": [
        {
          "schema_version": 0,
          "attributes": {
            "domain": "test-cerebro.ng",
            "flags": 0,
            "fqdn": "uyi.test-cerebro.ng",
            "id": "1772449371",
            "name": "uyi",
            "port": 0,
            "priority": 0,
            "tag": "",
            "ttl": 1800,
            "type": "A",
            "value": "162.243.89.221",
            "weight": 0
          },
          "sensitive_attributes": [],
          "private": "bnVsbA==",
          "dependencies": [
            "digitalocean_domain.this"
          ]
        }
      ]
    },
    {
      "mode": "managed",
      "type": "digitalocean_ssh_key",
      "name": "this",
      "provider": "provider[\"registry.terraform.io/digitalocean/digitalocean\"]",
      "instances": [
        {
          "schema_version": 0,
          "attributes": {
            "fingerprint": "a1:3c:ba:ee:b9:9b:af:2c:39:5e:48:37:a2:3a:28:87",
            "id": "46205109",
            "name": "ssh_testing",
            "public_key": "ssh-rsa AAAAB3NzaC1yc2EAAAADAQABAAACAQDsOjSCqThbJhCXarKDahcOMzeymIRrjhkBppQiZ49/xkaJvwDP9Cqif0iXKh3lrw9pyC81X8xZ5sgubUpDlEa0kxu834AP+HpZBjv3//+xK5TlGKZEpUSCoeqJlzqX2wyl+6ImXqfON2U6zBh4h9n6BgOhGab7oxAYoulfkNGJBuCOU8OgCxfSX7AlHdV+jIfdOfjZ7VJju0RCDE+3nHGFD3MHk95XaLCiwhRf1FrVHVdOANPp0nlQSWAkRjXZ1/LskXPlVleAo0Da5BtB3NW8o1r7cDMtD5HX9v6kyMGyNH3/fm93KKCAgGIour8JuMNVzluqVpQmPXjF3xXcjtKK/qy9HQYuL3IqtoL7BJiyxIFCGBWOi4AaxLiOdCGFSYmiNQgei4Zz8fCM17ila09/yfOTKZUu2DSZ5cSRNPQzXwzC2gWI87HT8PVEGIf5zmGnCzAsCb63lU90GFDo26A7FURGSAQHZn9c06XDjuQpTowIXqIGg3k6sgZDCC9d5XDBlxJHbK5SYRYDpenClNHVXzkTkhbYL88oPPEYn1i8elntQ1p19Hjk0t8waijx4AO2jEtqPv2zEqdCeki6IDYetacsn69aHH3f/eSl5yZkvFnHiMVbaIce04poBRZbr7RpOecxiDnyLxyStMJcH9g0xkeumsRncNeL0JwAjC5how== your_email@example.com",
            "timeouts": null
          },
          "sensitive_attributes": [],
          "private": "eyJlMmJmYjczMC1lY2FhLTExZTYtOGY4OC0zNDM2M2JjN2M0YzAiOnsiY3JlYXRlIjoxMjAwMDAwMDAwMDB9fQ=="
        }
      ]
    }
  ],
  "check_results": null
}
