{
  "version": 4,
  "terraform_version": "1.11.2",
  "serial": 19,
  "lineage": "b4738ebe-ae09-57ea-24ec-0cbac955194f",
  "outputs": {},
  "resources": [
    {
      "mode": "data",
      "type": "digitalocean_ssh_key",
      "name": "terraform",
      "provider": "provider[\"registry.terraform.io/digitalocean/digitalocean\"]",
      "instances": [
        {
          "schema_version": 0,
          "attributes": {
            "fingerprint": "66:ca:f8:cf:83:40:51:e2:d3:bf:80:22:af:f2:69:a3",
            "id": 46040055,
            "name": "ssh_uyi",
            "public_key": "ssh-rsa AAAAB3NzaC1yc2EAAAADAQABAAACAQC05f+hhmr4Tt4GLrYWSctMQMmppZooImUHaJPi+mURpJf7gnC47xXIJrPlOVRx90k3aquCuMaK4WTMHJh7f13xTfnuIPp/9g4oBYknCloFA4weY8gVdZvE33oOW0KFbmWuAXuVRVrtSNw3J3NY3Kgu/I6UbEBMpvPebeqMzP7GGk+DUvxXKK5V8iqicL66djadh8P9ADBbfBfuvrNs8heCscDADaX3B/LSJkQ6INmCKkXfvDg6VdFDoSkVLsW425MSA3hOOrqFb90YRgVOjU05d5eDYTnsE3WnLLMn090/DhIjntlEqYsuyiIOEoOprYLVJMUKyxcMt03v3AsBohb2250o0jetYLNTZD0cwBVwCwEmAZ6YJOOE6kSTIql3FiodZCPNv037hDQjaNpHoVUZ4ARXysGnZSGu82o8uRlbDINNHnHriWLLorzjSMXyM2cRYvCp3qUl6X4OlemLTqgou0IjtO0lW7H3j/57Cr8kkYOWomFN1d5ZfgTmwH4EhQ2bcZK6kT8vItoY+wvyN1WVZluJkyM4+ebwiXujaQwUsk/AD+GRWeqBEgJOgN+2a/4h/HKOx6fSyxU8gCO91BSrw3nGJik0OFOKVHVcrXADWyWo65rj8L4U880vQRx1aDZAqtweCY9qTd5kOaZIv+o3Ofyu2pivYsJ6iVK5ox3pzQ== your_email@example.com\n"
          },
          "sensitive_attributes": []
        }
      ]
    },
    {
      "mode": "managed",
      "type": "digitalocean_domain",
      "name": "this",
      "provider": "provider[\"registry.terraform.io/digitalocean/digitalocean\"]",
      "instances": [
        {
          "schema_version": 0,
          "attributes": {
            "id": "test-cerebro.ng",
            "ip_address": null,
            "name": "test-cerebro.ng",
            "ttl": 1800,
            "urn": "do:domain:test-cerebro.ng"
          },
          "sensitive_attributes": [],
          "private": "bnVsbA=="
        }
      ]
    },
    {
      "mode": "managed",
      "type": "digitalocean_record",
      "name": "that",
      "provider": "provider[\"registry.terraform.io/digitalocean/digitalocean\"]",
      "instances": [
        {
          "schema_version": 0,
          "attributes": {
            "domain": "test-cerebro.ng",
            "flags": 0,
            "fqdn": "uyi2.test-cerebro.ng",
            "id": "1772449370",
            "name": "uyi2",
            "port": 0,
            "priority": 0,
            "tag": "",
            "ttl": 1800,
            "type": "A",
            "value": "162.243.89.221",
            "weight": 0
          },
          "sensitive_attributes": [],
          "private": "bnVsbA==",
          "dependencies": [
            "digitalocean_domain.this"
          ]
        }
      ]
    },
    {
      "mode": "managed",
      "type": "digitalocean_record",
      "name": "this",
      "provider": "provider[\"registry.terraform.io/digitalocean/digitalocean\"]",
      "instances": [
        {
          "schema_version": 0,
          "attributes": {
            "domain": "test-cerebro.ng",
            "flags": 0,
            "fqdn": "uyi.test-cerebro.ng",
            "id": "1772449371",
            "name": "uyi",
            "port": 0,
            "priority": 0,
            "tag": "",
            "ttl": 1800,
            "type": "A",
            "value": "162.243.89.221",
            "weight": 0
          },
          "sensitive_attributes": [],
          "private": "bnVsbA==",
          "dependencies": [
            "digitalocean_domain.this"
          ]
        }
      ]
    }
  ],
  "check_results": null
}
